
Microsoft Visual Studio Solution File, Format Version 11.00
# Visual Studio 2010
Project("{FAE04EC0-301F-11D3-BF4B-00C04F79EFBC}") = "FishNet.Runtime", "FishNet.Runtime.csproj", "{1e31a574-d092-43f1-563a-43928319f131}"
EndProject
Project("{FAE04EC0-301F-11D3-BF4B-00C04F79EFBC}") = "FishNet.Codegen.Cecil", "FishNet.Codegen.Cecil.csproj", "{65eed815-9e51-3d78-6c39-fe4dfac8b2dc}"
EndProject
Project("{FAE04EC0-301F-11D3-BF4B-00C04F79EFBC}") = "Unity.FishNet.Codegen", "Unity.FishNet.Codegen.csproj", "{863683b8-e22e-7438-f844-1a08ecd1d5c9}"
EndProject
Project("{FAE04EC0-301F-11D3-BF4B-00C04F79EFBC}") = "Edgegap", "Edgegap.csproj", "{afde3ee6-84d3-ca55-2a1a-30cd6d3d9c9c}"
EndProject
Project("{FAE04EC0-301F-11D3-BF4B-00C04F79EFBC}") = "Assembly-CSharp", "Assembly-CSharp.csproj", "{c95f592b-74aa-f9fe-d351-65115ef5d264}"
EndProject
Project("{FAE04EC0-301F-11D3-BF4B-00C04F79EFBC}") = "GameKit.Utilities", "GameKit.Utilities.csproj", "{7f5bcbf8-6aeb-30cd-f6d9-a57acb9a2907}"
EndProject
Project("{FAE04EC0-301F-11D3-BF4B-00C04F79EFBC}") = "GameKit.Dependencies", "GameKit.Dependencies.csproj", "{9e961f92-cf5d-6584-e680-c6e29fe9334b}"
EndProject
Project("{FAE04EC0-301F-11D3-BF4B-00C04F79EFBC}") = "Assembly-CSharp-Editor", "Assembly-CSharp-Editor.csproj", "{7abdc070-8c52-9fad-8638-aac70378cfe3}"
EndProject
Global
	GlobalSection(SolutionConfigurationPlatforms) = preSolution
		Debug|Any CPU = Debug|Any CPU
	EndGlobalSection
	GlobalSection(ProjectConfigurationPlatforms) = postSolution
		{1e31a574-d092-43f1-563a-43928319f131}.Debug|Any CPU.ActiveCfg = Debug|Any CPU
		{1e31a574-d092-43f1-563a-43928319f131}.Debug|Any CPU.Build.0 = Debug|Any CPU
		{65eed815-9e51-3d78-6c39-fe4dfac8b2dc}.Debug|Any CPU.ActiveCfg = Debug|Any CPU
		{65eed815-9e51-3d78-6c39-fe4dfac8b2dc}.Debug|Any CPU.Build.0 = Debug|Any CPU
		{863683b8-e22e-7438-f844-1a08ecd1d5c9}.Debug|Any CPU.ActiveCfg = Debug|Any CPU
		{863683b8-e22e-7438-f844-1a08ecd1d5c9}.Debug|Any CPU.Build.0 = Debug|Any CPU
		{afde3ee6-84d3-ca55-2a1a-30cd6d3d9c9c}.Debug|Any CPU.ActiveCfg = Debug|Any CPU
		{afde3ee6-84d3-ca55-2a1a-30cd6d3d9c9c}.Debug|Any CPU.Build.0 = Debug|Any CPU
		{c95f592b-74aa-f9fe-d351-65115ef5d264}.Debug|Any CPU.ActiveCfg = Debug|Any CPU
		{c95f592b-74aa-f9fe-d351-65115ef5d264}.Debug|Any CPU.Build.0 = Debug|Any CPU
		{7f5bcbf8-6aeb-30cd-f6d9-a57acb9a2907}.Debug|Any CPU.ActiveCfg = Debug|Any CPU
		{7f5bcbf8-6aeb-30cd-f6d9-a57acb9a2907}.Debug|Any CPU.Build.0 = Debug|Any CPU
		{9e961f92-cf5d-6584-e680-c6e29fe9334b}.Debug|Any CPU.ActiveCfg = Debug|Any CPU
		{9e961f92-cf5d-6584-e680-c6e29fe9334b}.Debug|Any CPU.Build.0 = Debug|Any CPU
		{7abdc070-8c52-9fad-8638-aac70378cfe3}.Debug|Any CPU.ActiveCfg = Debug|Any CPU
		{7abdc070-8c52-9fad-8638-aac70378cfe3}.Debug|Any CPU.Build.0 = Debug|Any CPU
	EndGlobalSection
	GlobalSection(SolutionProperties) = preSolution
		HideSolutionNode = FALSE
	EndGlobalSection
EndGlobal
